
Microsoft Visual Studio Solution File, Format Version 12.00
# Visual Studio Version 16
VisualStudioVersion = 16.0.31729.503
MinimumVisualStudioVersion = 10.0.40219.1
Project("{FAE04EC0-301F-11D3-BF4B-00C04F79EFBC}") = "YMovies.Web", "YMovies.Web\YMovies.Web.csproj", "{D0A0481B-0FCE-4922-8DDB-1FE2247387CF}"
EndProject
Project("{FAE04EC0-301F-11D3-BF4B-00C04F79EFBC}") = "YMovies.MovieDbService", "YMovies.Database\YMovies.MovieDbService.csproj", "{9895EA37-952E-4939-935A-4993C55AF9FF}"
EndProject
Global
	GlobalSection(SolutionConfigurationPlatforms) = preSolution
		Debug|Any CPU = Debug|Any CPU
		Release|Any CPU = Release|Any CPU
	EndGlobalSection
	GlobalSection(ProjectConfigurationPlatforms) = postSolution
		{D0A0481B-0FCE-4922-8DDB-1FE2247387CF}.Debug|Any CPU.ActiveCfg = Debug|Any CPU
		{D0A0481B-0FCE-4922-8DDB-1FE2247387CF}.Debug|Any CPU.Build.0 = Debug|Any CPU
		{D0A0481B-0FCE-4922-8DDB-1FE2247387CF}.Release|Any CPU.ActiveCfg = Release|Any CPU
		{D0A0481B-0FCE-4922-8DDB-1FE2247387CF}.Release|Any CPU.Build.0 = Release|Any CPU
		{9895EA37-952E-4939-935A-4993C55AF9FF}.Debug|Any CPU.ActiveCfg = Debug|Any CPU
		{9895EA37-952E-4939-935A-4993C55AF9FF}.Debug|Any CPU.Build.0 = Debug|Any CPU
		{9895EA37-952E-4939-935A-4993C55AF9FF}.Release|Any CPU.ActiveCfg = Release|Any CPU
		{9895EA37-952E-4939-935A-4993C55AF9FF}.Release|Any CPU.Build.0 = Release|Any CPU
	EndGlobalSection
	GlobalSection(SolutionProperties) = preSolution
		HideSolutionNode = FALSE
	EndGlobalSection
	GlobalSection(ExtensibilityGlobals) = postSolution
		SolutionGuid = {47CC34F1-858F-42C9-BF24-9A27C19450A5}
	EndGlobalSection
EndGlobal
